{
  "name": "homebridge-mac-display",
  "version": "1.1.0",
  "lockfileVersion": 3,
  "requires": true,
  "packages": {
    "": {
      "name": "homebridge-mac-display",
      "version": "1.1.0",
      "license": "MIT",
      "engines": {
        "homebridge": ">=0.4.20",
        "node": ">=6.0.0"
      }
    }
  }
}
